// !$*UTF8*$!
{
	archiveVersion = 1;
	classes = {
	};
	objectVersion = 55;
	objects = {

/* Begin PBXBuildFile section */
		F2FBDFFD27D42D3600DAACF4 /* AppDelegate.swift in Sources */ = {isa = PBXBuildFile; fileRef = F2FBDFFC27D42D3600DAACF4 /* AppDelegate.swift */; };
		F2FBDFFF27D42D3600DAACF4 /* SceneDelegate.swift in Sources */ = {isa = PBXBuildFile; fileRef = F2FBDFFE27D42D3600DAACF4 /* SceneDelegate.swift */; };
		F2FBE00127D42D3600DAACF4 /* ViewController.swift in Sources */ = {isa = PBXBuildFile; fileRef = F2FBE00027D42D3600DAACF4 /* ViewController.swift */; };
		F2FBE00427D42D3600DAACF4 /* Main.storyboard in Resources */ = {isa = PBXBuildFile; fileRef = F2FBE00227D42D3600DAACF4 /* Main.storyboard */; };
		F2FBE00627D42D3800DAACF4 /* Assets.xcassets in Resources */ = {isa = PBXBuildFile; fileRef = F2FBE00527D42D3800DAACF4 /* Assets.xcassets */; };
		F2FBE00927D42D3800DAACF4 /* LaunchScreen.storyboard in Resources */ = {isa = PBXBuildFile; fileRef = F2FBE00727D42D3800DAACF4 /* LaunchScreen.storyboard */; };
		F2FBE01427D42D3800DAACF4 /* ffflipMovieTests.swift in Sources */ = {isa = PBXBuildFile; fileRef = F2FBE01327D42D3800DAACF4 /* ffflipMovieTests.swift */; };
		F2FBE01E27D42D3800DAACF4 /* ffflipMovieUITests.swift in Sources */ = {isa = PBXBuildFile; fileRef = F2FBE01D27D42D3800DAACF4 /* ffflipMovieUITests.swift */; };
		F2FBE02027D42D3800DAACF4 /* ffflipMovieUITestsLaunchTests.swift in Sources */ = {isa = PBXBuildFile; fileRef = F2FBE01F27D42D3800DAACF4 /* ffflipMovieUITestsLaunchTests.swift */; };
		F2FBE02E27D42F6800DAACF4 /* NetworkProperties.swift in Sources */ = {isa = PBXBuildFile; fileRef = F2FBE02D27D42F6800DAACF4 /* NetworkProperties.swift */; };
		F2FBE03027D42FD400DAACF4 /* MovieNetworkManager.swift in Sources */ = {isa = PBXBuildFile; fileRef = F2FBE02F27D42FD400DAACF4 /* MovieNetworkManager.swift */; };
		F2FBE03227D42FFD00DAACF4 /* NetworkManagerProtocol.swift in Sources */ = {isa = PBXBuildFile; fileRef = F2FBE03127D42FFD00DAACF4 /* NetworkManagerProtocol.swift */; };
		F2FBE03527D4308D00DAACF4 /* Movie.swift in Sources */ = {isa = PBXBuildFile; fileRef = F2FBE03427D4308D00DAACF4 /* Movie.swift */; };
/* End PBXBuildFile section */

/* Begin PBXContainerItemProxy section */
		F2FBE01027D42D3800DAACF4 /* PBXContainerItemProxy */ = {
			isa = PBXContainerItemProxy;
			containerPortal = F2FBDFF127D42D3600DAACF4 /* Project object */;
			proxyType = 1;
			remoteGlobalIDString = F2FBDFF827D42D3600DAACF4;
			remoteInfo = ffflipMovie;
		};
		F2FBE01A27D42D3800DAACF4 /* PBXContainerItemProxy */ = {
			isa = PBXContainerItemProxy;
			containerPortal = F2FBDFF127D42D3600DAACF4 /* Project object */;
			proxyType = 1;
			remoteGlobalIDString = F2FBDFF827D42D3600DAACF4;
			remoteInfo = ffflipMovie;
		};
/* End PBXContainerItemProxy section */

/* Begin PBXFileReference section */
		F2FBDFF927D42D3600DAACF4 /* ffflipMovie.app */ = {isa = PBXFileReference; explicitFileType = wrapper.application; includeInIndex = 0; path = ffflipMovie.app; sourceTree = BUILT_PRODUCTS_DIR; };
		F2FBDFFC27D42D3600DAACF4 /* AppDelegate.swift */ = {isa = PBXFileReference; lastKnownFileType = sourcecode.swift; path = AppDelegate.swift; sourceTree = "<group>"; };
		F2FBDFFE27D42D3600DAACF4 /* SceneDelegate.swift */ = {isa = PBXFileReference; lastKnownFileType = sourcecode.swift; path = SceneDelegate.swift; sourceTree = "<group>"; };
		F2FBE00027D42D3600DAACF4 /* ViewController.swift */ = {isa = PBXFileReference; lastKnownFileType = sourcecode.swift; path = ViewController.swift; sourceTree = "<group>"; };
		F2FBE00327D42D3600DAACF4 /* Base */ = {isa = PBXFileReference; lastKnownFileType = file.storyboard; name = Base; path = Base.lproj/Main.storyboard; sourceTree = "<group>"; };
		F2FBE00527D42D3800DAACF4 /* Assets.xcassets */ = {isa = PBXFileReference; lastKnownFileType = folder.assetcatalog; path = Assets.xcassets; sourceTree = "<group>"; };
		F2FBE00827D42D3800DAACF4 /* Base */ = {isa = PBXFileReference; lastKnownFileType = file.storyboard; name = Base; path = Base.lproj/LaunchScreen.storyboard; sourceTree = "<group>"; };
		F2FBE00A27D42D3800DAACF4 /* Info.plist */ = {isa = PBXFileReference; lastKnownFileType = text.plist.xml; path = Info.plist; sourceTree = "<group>"; };
		F2FBE00F27D42D3800DAACF4 /* ffflipMovieTests.xctest */ = {isa = PBXFileReference; explicitFileType = wrapper.cfbundle; includeInIndex = 0; path = ffflipMovieTests.xctest; sourceTree = BUILT_PRODUCTS_DIR; };
		F2FBE01327D42D3800DAACF4 /* ffflipMovieTests.swift */ = {isa = PBXFileReference; lastKnownFileType = sourcecode.swift; path = ffflipMovieTests.swift; sourceTree = "<group>"; };
		F2FBE01927D42D3800DAACF4 /* ffflipMovieUITests.xctest */ = {isa = PBXFileReference; explicitFileType = wrapper.cfbundle; includeInIndex = 0; path = ffflipMovieUITests.xctest; sourceTree = BUILT_PRODUCTS_DIR; };
		F2FBE01D27D42D3800DAACF4 /* ffflipMovieUITests.swift */ = {isa = PBXFileReference; lastKnownFileType = sourcecode.swift; path = ffflipMovieUITests.swift; sourceTree = "<group>"; };
		F2FBE01F27D42D3800DAACF4 /* ffflipMovieUITestsLaunchTests.swift */ = {isa = PBXFileReference; lastKnownFileType = sourcecode.swift; path = ffflipMovieUITestsLaunchTests.swift; sourceTree = "<group>"; };
		F2FBE02D27D42F6800DAACF4 /* NetworkProperties.swift */ = {isa = PBXFileReference; lastKnownFileType = sourcecode.swift; path = NetworkProperties.swift; sourceTree = "<group>"; };
		F2FBE02F27D42FD400DAACF4 /* MovieNetworkManager.swift */ = {isa = PBXFileReference; lastKnownFileType = sourcecode.swift; path = MovieNetworkManager.swift; sourceTree = "<group>"; };
		F2FBE03127D42FFD00DAACF4 /* NetworkManagerProtocol.swift */ = {isa = PBXFileReference; lastKnownFileType = sourcecode.swift; path = NetworkManagerProtocol.swift; sourceTree = "<group>"; };
		F2FBE03427D4308D00DAACF4 /* Movie.swift */ = {isa = PBXFileReference; lastKnownFileType = sourcecode.swift; path = Movie.swift; sourceTree = "<group>"; };
/* End PBXFileReference section */

/* Begin PBXFrameworksBuildPhase section */
		F2FBDFF627D42D3600DAACF4 /* Frameworks */ = {
			isa = PBXFrameworksBuildPhase;
			buildActionMask = 2147483647;
			files = (
			);
			runOnlyForDeploymentPostprocessing = 0;
		};
		F2FBE00C27D42D3800DAACF4 /* Frameworks */ = {
			isa = PBXFrameworksBuildPhase;
			buildActionMask = 2147483647;
			files = (
			);
			runOnlyForDeploymentPostprocessing = 0;
		};
		F2FBE01627D42D3800DAACF4 /* Frameworks */ = {
			isa = PBXFrameworksBuildPhase;
			buildActionMask = 2147483647;
			files = (
			);
			runOnlyForDeploymentPostprocessing = 0;
		};
/* End PBXFrameworksBuildPhase section */

/* Begin PBXGroup section */
		F2FBDFF027D42D3600DAACF4 = {
			isa = PBXGroup;
			children = (
				F2FBDFFB27D42D3600DAACF4 /* ffflipMovie */,
				F2FBE01227D42D3800DAACF4 /* ffflipMovieTests */,
				F2FBE01C27D42D3800DAACF4 /* ffflipMovieUITests */,
				F2FBDFFA27D42D3600DAACF4 /* Products */,
			);
			sourceTree = "<group>";
		};
		F2FBDFFA27D42D3600DAACF4 /* Products */ = {
			isa = PBXGroup;
			children = (
				F2FBDFF927D42D3600DAACF4 /* ffflipMovie.app */,
				F2FBE00F27D42D3800DAACF4 /* ffflipMovieTests.xctest */,
				F2FBE01927D42D3800DAACF4 /* ffflipMovieUITests.xctest */,
			);
			name = Products;
			sourceTree = "<group>";
		};
		F2FBDFFB27D42D3600DAACF4 /* ffflipMovie */ = {
			isa = PBXGroup;
			children = (
				F2FBE03627D433E400DAACF4 /* Controllers */,
				F2FBE03327D4305C00DAACF4 /* Model */,
				F2FBE02C27D42F2200DAACF4 /* NetworkManager */,
				F2FBDFFC27D42D3600DAACF4 /* AppDelegate.swift */,
				F2FBDFFE27D42D3600DAACF4 /* SceneDelegate.swift */,
				F2FBE00227D42D3600DAACF4 /* Main.storyboard */,
				F2FBE00527D42D3800DAACF4 /* Assets.xcassets */,
				F2FBE00727D42D3800DAACF4 /* LaunchScreen.storyboard */,
				F2FBE00A27D42D3800DAACF4 /* Info.plist */,
			);
			path = ffflipMovie;
			sourceTree = "<group>";
		};
		F2FBE01227D42D3800DAACF4 /* ffflipMovieTests */ = {
			isa = PBXGroup;
			children = (
				F2FBE01327D42D3800DAACF4 /* ffflipMovieTests.swift */,
			);
			path = ffflipMovieTests;
			sourceTree = "<group>";
		};
		F2FBE01C27D42D3800DAACF4 /* ffflipMovieUITests */ = {
			isa = PBXGroup;
			children = (
				F2FBE01D27D42D3800DAACF4 /* ffflipMovieUITests.swift */,
				F2FBE01F27D42D3800DAACF4 /* ffflipMovieUITestsLaunchTests.swift */,
			);
			path = ffflipMovieUITests;
			sourceTree = "<group>";
		};
		F2FBE02C27D42F2200DAACF4 /* NetworkManager */ = {
			isa = PBXGroup;
			children = (
				F2FBE02D27D42F6800DAACF4 /* NetworkProperties.swift */,
				F2FBE02F27D42FD400DAACF4 /* MovieNetworkManager.swift */,
				F2FBE03127D42FFD00DAACF4 /* NetworkManagerProtocol.swift */,
			);
			path = NetworkManager;
			sourceTree = "<group>";
		};
		F2FBE03327D4305C00DAACF4 /* Model */ = {
			isa = PBXGroup;
			children = (
				F2FBE03427D4308D00DAACF4 /* Movie.swift */,
			);
			path = Model;
			sourceTree = "<group>";
		};
		F2FBE03627D433E400DAACF4 /* Controllers */ = {
			isa = PBXGroup;
			children = (
				F2FBE00027D42D3600DAACF4 /* ViewController.swift */,
			);
			path = Controllers;
			sourceTree = "<group>";
		};
/* End PBXGroup section */

/* Begin PBXNativeTarget section */
		F2FBDFF827D42D3600DAACF4 /* ffflipMovie */ = {
			isa = PBXNativeTarget;
			buildConfigurationList = F2FBE02327D42D3800DAACF4 /* Build configuration list for PBXNativeTarget "ffflipMovie" */;
			buildPhases = (
				F2FBDFF527D42D3600DAACF4 /* Sources */,
				F2FBDFF627D42D3600DAACF4 /* Frameworks */,
				F2FBDFF727D42D3600DAACF4 /* Resources */,
			);
			buildRules = (
			);
			dependencies = (
			);
			name = ffflipMovie;
			productName = ffflipMovie;
			productReference = F2FBDFF927D42D3600DAACF4 /* ffflipMovie.app */;
			productType = "com.apple.product-type.application";
		};
		F2FBE00E27D42D3800DAACF4 /* ffflipMovieTests */ = {
			isa = PBXNativeTarget;
			buildConfigurationList = F2FBE02627D42D3800DAACF4 /* Build configuration list for PBXNativeTarget "ffflipMovieTests" */;
			buildPhases = (
				F2FBE00B27D42D3800DAACF4 /* Sources */,
				F2FBE00C27D42D3800DAACF4 /* Frameworks */,
				F2FBE00D27D42D3800DAACF4 /* Resources */,
			);
			buildRules = (
			);
			dependencies = (
				F2FBE01127D42D3800DAACF4 /* PBXTargetDependency */,
			);
			name = ffflipMovieTests;
			productName = ffflipMovieTests;
			productReference = F2FBE00F27D42D3800DAACF4 /* ffflipMovieTests.xctest */;
			productType = "com.apple.product-type.bundle.unit-test";
		};
		F2FBE01827D42D3800DAACF4 /* ffflipMovieUITests */ = {
			isa = PBXNativeTarget;
			buildConfigurationList = F2FBE02927D42D3800DAACF4 /* Build configuration list for PBXNativeTarget "ffflipMovieUITests" */;
			buildPhases = (
				F2FBE01527D42D3800DAACF4 /* Sources */,
				F2FBE01627D42D3800DAACF4 /* Frameworks */,
				F2FBE01727D42D3800DAACF4 /* Resources */,
			);
			buildRules = (
			);
			dependencies = (
				F2FBE01B27D42D3800DAACF4 /* PBXTargetDependency */,
			);
			name = ffflipMovieUITests;
			productName = ffflipMovieUITests;
			productReference = F2FBE01927D42D3800DAACF4 /* ffflipMovieUITests.xctest */;
			productType = "com.apple.product-type.bundle.ui-testing";
		};
/* End PBXNativeTarget section */

/* Begin PBXProject section */
		F2FBDFF127D42D3600DAACF4 /* Project object */ = {
			isa = PBXProject;
			attributes = {
				BuildIndependentTargetsInParallel = 1;
				LastSwiftUpdateCheck = 1320;
				LastUpgradeCheck = 1320;
				TargetAttributes = {
					F2FBDFF827D42D3600DAACF4 = {
						CreatedOnToolsVersion = 13.2.1;
					};
					F2FBE00E27D42D3800DAACF4 = {
						CreatedOnToolsVersion = 13.2.1;
						TestTargetID = F2FBDFF827D42D3600DAACF4;
					};
					F2FBE01827D42D3800DAACF4 = {
						CreatedOnToolsVersion = 13.2.1;
						TestTargetID = F2FBDFF827D42D3600DAACF4;
					};
				};
			};
			buildConfigurationList = F2FBDFF427D42D3600DAACF4 /* Build configuration list for PBXProject "ffflipMovie" */;
			compatibilityVersion = "Xcode 13.0";
			developmentRegion = en;
			hasScannedForEncodings = 0;
			knownRegions = (
				en,
				Base,
			);
			mainGroup = F2FBDFF027D42D3600DAACF4;
			productRefGroup = F2FBDFFA27D42D3600DAACF4 /* Products */;
			projectDirPath = "";
			projectRoot = "";
			targets = (
				F2FBDFF827D42D3600DAACF4 /* ffflipMovie */,
				F2FBE00E27D42D3800DAACF4 /* ffflipMovieTests */,
				F2FBE01827D42D3800DAACF4 /* ffflipMovieUITests */,
			);
		};
/* End PBXProject section */

/* Begin PBXResourcesBuildPhase section */
		F2FBDFF727D42D3600DAACF4 /* Resources */ = {
			isa = PBXResourcesBuildPhase;
			buildActionMask = 2147483647;
			files = (
				F2FBE00927D42D3800DAACF4 /* LaunchScreen.storyboard in Resources */,
				F2FBE00627D42D3800DAACF4 /* Assets.xcassets in Resources */,
				F2FBE00427D42D3600DAACF4 /* Main.storyboard in Resources */,
			);
			runOnlyForDeploymentPostprocessing = 0;
		};
		F2FBE00D27D42D3800DAACF4 /* Resources */ = {
			isa = PBXResourcesBuildPhase;
			buildActionMask = 2147483647;
			files = (
			);
			runOnlyForDeploymentPostprocessing = 0;
		};
		F2FBE01727D42D3800DAACF4 /* Resources */ = {
			isa = PBXResourcesBuildPhase;
			buildActionMask = 2147483647;
			files = (
			);
			runOnlyForDeploymentPostprocessing = 0;
		};
/* End PBXResourcesBuildPhase section */

/* Begin PBXSourcesBuildPhase section */
		F2FBDFF527D42D3600DAACF4 /* Sources */ = {
			isa = PBXSourcesBuildPhase;
			buildActionMask = 2147483647;
			files = (
				F2FBE03527D4308D00DAACF4 /* Movie.swift in Sources */,
				F2FBE00127D42D3600DAACF4 /* ViewController.swift in Sources */,
				F2FBE02E27D42F6800DAACF4 /* NetworkProperties.swift in Sources */,
				F2FBE03027D42FD400DAACF4 /* MovieNetworkManager.swift in Sources */,
				F2FBDFFD27D42D3600DAACF4 /* AppDelegate.swift in Sources */,
				F2FBE03227D42FFD00DAACF4 /* NetworkManagerProtocol.swift in Sources */,
				F2FBDFFF27D42D3600DAACF4 /* SceneDelegate.swift in Sources */,
			);
			runOnlyForDeploymentPostprocessing = 0;
		};
		F2FBE00B27D42D3800DAACF4 /* Sources */ = {
			isa = PBXSourcesBuildPhase;
			buildActionMask = 2147483647;
			files = (
				F2FBE01427D42D3800DAACF4 /* ffflipMovieTests.swift in Sources */,
			);
			runOnlyForDeploymentPostprocessing = 0;
		};
		F2FBE01527D42D3800DAACF4 /* Sources */ = {
			isa = PBXSourcesBuildPhase;
			buildActionMask = 2147483647;
			files = (
				F2FBE02027D42D3800DAACF4 /* ffflipMovieUITestsLaunchTests.swift in Sources */,
				F2FBE01E27D42D3800DAACF4 /* ffflipMovieUITests.swift in Sources */,
			);
			runOnlyForDeploymentPostprocessing = 0;
		};
/* End PBXSourcesBuildPhase section */

/* Begin PBXTargetDependency section */
		F2FBE01127D42D3800DAACF4 /* PBXTargetDependency */ = {
			isa = PBXTargetDependency;
			target = F2FBDFF827D42D3600DAACF4 /* ffflipMovie */;
			targetProxy = F2FBE01027D42D3800DAACF4 /* PBXContainerItemProxy */;
		};
		F2FBE01B27D42D3800DAACF4 /* PBXTargetDependency */ = {
			isa = PBXTargetDependency;
			target = F2FBDFF827D42D3600DAACF4 /* ffflipMovie */;
			targetProxy = F2FBE01A27D42D3800DAACF4 /* PBXContainerItemProxy */;
		};
/* End PBXTargetDependency section */

/* Begin PBXVariantGroup section */
		F2FBE00227D42D3600DAACF4 /* Main.storyboard */ = {
			isa = PBXVariantGroup;
			children = (
				F2FBE00327D42D3600DAACF4 /* Base */,
			);
			name = Main.storyboard;
			sourceTree = "<group>";
		};
		F2FBE00727D42D3800DAACF4 /* LaunchScreen.storyboard */ = {
			isa = PBXVariantGroup;
			children = (
				F2FBE00827D42D3800DAACF4 /* Base */,
			);
			name = LaunchScreen.storyboard;
			sourceTree = "<group>";
		};
/* End PBXVariantGroup section */

/* Begin XCBuildConfiguration section */
		F2FBE02127D42D3800DAACF4 /* Debug */ = {
			isa = XCBuildConfiguration;
			buildSettings = {
				ALWAYS_SEARCH_USER_PATHS = NO;
				CLANG_ANALYZER_NONNULL = YES;
				CLANG_ANALYZER_NUMBER_OBJECT_CONVERSION = YES_AGGRESSIVE;
				CLANG_CXX_LANGUAGE_STANDARD = "gnu++17";
				CLANG_CXX_LIBRARY = "libc++";
				CLANG_ENABLE_MODULES = YES;
				CLANG_ENABLE_OBJC_ARC = YES;
				CLANG_ENABLE_OBJC_WEAK = YES;
				CLANG_WARN_BLOCK_CAPTURE_AUTORELEASING = YES;
				CLANG_WARN_BOOL_CONVERSION = YES;
				CLANG_WARN_COMMA = YES;
				CLANG_WARN_CONSTANT_CONVERSION = YES;
				CLANG_WARN_DEPRECATED_OBJC_IMPLEMENTATIONS = YES;
				CLANG_WARN_DIRECT_OBJC_ISA_USAGE = YES_ERROR;
				CLANG_WARN_DOCUMENTATION_COMMENTS = YES;
				CLANG_WARN_EMPTY_BODY = YES;
				CLANG_WARN_ENUM_CONVERSION = YES;
				CLANG_WARN_INFINITE_RECURSION = YES;
				CLANG_WARN_INT_CONVERSION = YES;
				CLANG_WARN_NON_LITERAL_NULL_CONVERSION = YES;
				CLANG_WARN_OBJC_IMPLICIT_RETAIN_SELF = YES;
				CLANG_WARN_OBJC_LITERAL_CONVERSION = YES;
				CLANG_WARN_OBJC_ROOT_CLASS = YES_ERROR;
				CLANG_WARN_QUOTED_INCLUDE_IN_FRAMEWORK_HEADER = YES;
				CLANG_WARN_RANGE_LOOP_ANALYSIS = YES;
				CLANG_WARN_STRICT_PROTOTYPES = YES;
				CLANG_WARN_SUSPICIOUS_MOVE = YES;
				CLANG_WARN_UNGUARDED_AVAILABILITY = YES_AGGRESSIVE;
				CLANG_WARN_UNREACHABLE_CODE = YES;
				CLANG_WARN__DUPLICATE_METHOD_MATCH = YES;
				COPY_PHASE_STRIP = NO;
				DEBUG_INFORMATION_FORMAT = dwarf;
				ENABLE_STRICT_OBJC_MSGSEND = YES;
				ENABLE_TESTABILITY = YES;
				GCC_C_LANGUAGE_STANDARD = gnu11;
				GCC_DYNAMIC_NO_PIC = NO;
				GCC_NO_COMMON_BLOCKS = YES;
				GCC_OPTIMIZATION_LEVEL = 0;
				GCC_PREPROCESSOR_DEFINITIONS = (
					"DEBUG=1",
					"$(inherited)",
				);
				GCC_WARN_64_TO_32_BIT_CONVERSION = YES;
				GCC_WARN_ABOUT_RETURN_TYPE = YES_ERROR;
				GCC_WARN_UNDECLARED_SELECTOR = YES;
				GCC_WARN_UNINITIALIZED_AUTOS = YES_AGGRESSIVE;
				GCC_WARN_UNUSED_FUNCTION = YES;
				GCC_WARN_UNUSED_VARIABLE = YES;
				IPHONEOS_DEPLOYMENT_TARGET = 15.2;
				MTL_ENABLE_DEBUG_INFO = INCLUDE_SOURCE;
				MTL_FAST_MATH = YES;
				ONLY_ACTIVE_ARCH = YES;
				SDKROOT = iphoneos;
				SWIFT_ACTIVE_COMPILATION_CONDITIONS = DEBUG;
				SWIFT_OPTIMIZATION_LEVEL = "-Onone";
			};
			name = Debug;
		};
		F2FBE02227D42D3800DAACF4 /* Release */ = {
			isa = XCBuildConfiguration;
			buildSettings = {
				ALWAYS_SEARCH_USER_PATHS = NO;
				CLANG_ANALYZER_NONNULL = YES;
				CLANG_ANALYZER_NUMBER_OBJECT_CONVERSION = YES_AGGRESSIVE;
				CLANG_CXX_LANGUAGE_STANDARD = "gnu++17";
				CLANG_CXX_LIBRARY = "libc++";
				CLANG_ENABLE_MODULES = YES;
				CLANG_ENABLE_OBJC_ARC = YES;
				CLANG_ENABLE_OBJC_WEAK = YES;
				CLANG_WARN_BLOCK_CAPTURE_AUTORELEASING = YES;
				CLANG_WARN_BOOL_CONVERSION = YES;
				CLANG_WARN_COMMA = YES;
				CLANG_WARN_CONSTANT_CONVERSION = YES;
				CLANG_WARN_DEPRECATED_OBJC_IMPLEMENTATIONS = YES;
				CLANG_WARN_DIRECT_OBJC_ISA_USAGE = YES_ERROR;
				CLANG_WARN_DOCUMENTATION_COMMENTS = YES;
				CLANG_WARN_EMPTY_BODY = YES;
				CLANG_WARN_ENUM_CONVERSION = YES;
				CLANG_WARN_INFINITE_RECURSION = YES;
				CLANG_WARN_INT_CONVERSION = YES;
				CLANG_WARN_NON_LITERAL_NULL_CONVERSION = YES;
				CLANG_WARN_OBJC_IMPLICIT_RETAIN_SELF = YES;
				CLANG_WARN_OBJC_LITERAL_CONVERSION = YES;
				CLANG_WARN_OBJC_ROOT_CLASS = YES_ERROR;
				CLANG_WARN_QUOTED_INCLUDE_IN_FRAMEWORK_HEADER = YES;
				CLANG_WARN_RANGE_LOOP_ANALYSIS = YES;
				CLANG_WARN_STRICT_PROTOTYPES = YES;
				CLANG_WARN_SUSPICIOUS_MOVE = YES;
				CLANG_WARN_UNGUARDED_AVAILABILITY = YES_AGGRESSIVE;
				CLANG_WARN_UNREACHABLE_CODE = YES;
				CLANG_WARN__DUPLICATE_METHOD_MATCH = YES;
				COPY_PHASE_STRIP = NO;
				DEBUG_INFORMATION_FORMAT = "dwarf-with-dsym";
				ENABLE_NS_ASSERTIONS = NO;
				ENABLE_STRICT_OBJC_MSGSEND = YES;
				GCC_C_LANGUAGE_STANDARD = gnu11;
				GCC_NO_COMMON_BLOCKS = YES;
				GCC_WARN_64_TO_32_BIT_CONVERSION = YES;
				GCC_WARN_ABOUT_RETURN_TYPE = YES_ERROR;
				GCC_WARN_UNDECLARED_SELECTOR = YES;
				GCC_WARN_UNINITIALIZED_AUTOS = YES_AGGRESSIVE;
				GCC_WARN_UNUSED_FUNCTION = YES;
				GCC_WARN_UNUSED_VARIABLE = YES;
				IPHONEOS_DEPLOYMENT_TARGET = 15.2;
				MTL_ENABLE_DEBUG_INFO = NO;
				MTL_FAST_MATH = YES;
				SDKROOT = iphoneos;
				SWIFT_COMPILATION_MODE = wholemodule;
				SWIFT_OPTIMIZATION_LEVEL = "-O";
				VALIDATE_PRODUCT = YES;
			};
			name = Release;
		};
		F2FBE02427D42D3800DAACF4 /* Debug */ = {
			isa = XCBuildConfiguration;
			buildSettings = {
				ASSETCATALOG_COMPILER_APPICON_NAME = AppIcon;
				ASSETCATALOG_COMPILER_GLOBAL_ACCENT_COLOR_NAME = AccentColor;
				CODE_SIGN_STYLE = Automatic;
				CURRENT_PROJECT_VERSION = 1;
				DEVELOPMENT_TEAM = F8L822RGUB;
				GENERATE_INFOPLIST_FILE = YES;
				INFOPLIST_FILE = ffflipMovie/Info.plist;
				INFOPLIST_KEY_UIApplicationSupportsIndirectInputEvents = YES;
				INFOPLIST_KEY_UILaunchStoryboardName = LaunchScreen;
				INFOPLIST_KEY_UIMainStoryboardFile = Main;
				INFOPLIST_KEY_UISupportedInterfaceOrientations_iPad = "UIInterfaceOrientationPortrait UIInterfaceOrientationPortraitUpsideDown UIInterfaceOrientationLandscapeLeft UIInterfaceOrientationLandscapeRight";
				INFOPLIST_KEY_UISupportedInterfaceOrientations_iPhone = "UIInterfaceOrientationPortrait UIInterfaceOrientationLandscapeLeft UIInterfaceOrientationLandscapeRight";
				LD_RUNPATH_SEARCH_PATHS = (
					"$(inherited)",
					"@executable_path/Frameworks",
				);
				MARKETING_VERSION = 1.0;
				PRODUCT_BUNDLE_IDENTIFIER = com.ffflip.ffflipMovie;
				PRODUCT_NAME = "$(TARGET_NAME)";
				SWIFT_EMIT_LOC_STRINGS = YES;
				SWIFT_VERSION = 5.0;
				TARGETED_DEVICE_FAMILY = "1,2";
			};
			name = Debug;
		};
		F2FBE02527D42D3800DAACF4 /* Release */ = {
			isa = XCBuildConfiguration;
			buildSettings = {
				ASSETCATALOG_COMPILER_APPICON_NAME = AppIcon;
				ASSETCATALOG_COMPILER_GLOBAL_ACCENT_COLOR_NAME = AccentColor;
				CODE_SIGN_STYLE = Automatic;
				CURRENT_PROJECT_VERSION = 1;
				DEVELOPMENT_TEAM = F8L822RGUB;
				GENERATE_INFOPLIST_FILE = YES;
				INFOPLIST_FILE = ffflipMovie/Info.plist;
				INFOPLIST_KEY_UIApplicationSupportsIndirectInputEvents = YES;
				INFOPLIST_KEY_UILaunchStoryboardName = LaunchScreen;
				INFOPLIST_KEY_UIMainStoryboardFile = Main;
				INFOPLIST_KEY_UISupportedInterfaceOrientations_iPad = "UIInterfaceOrientationPortrait UIInterfaceOrientationPortraitUpsideDown UIInterfaceOrientationLandscapeLeft UIInterfaceOrientationLandscapeRight";
				INFOPLIST_KEY_UISupportedInterfaceOrientations_iPhone = "UIInterfaceOrientationPortrait UIInterfaceOrientationLandscapeLeft UIInterfaceOrientationLandscapeRight";
				LD_RUNPATH_SEARCH_PATHS = (
					"$(inherited)",
					"@executable_path/Frameworks",
				);
				MARKETING_VERSION = 1.0;
				PRODUCT_BUNDLE_IDENTIFIER = com.ffflip.ffflipMovie;
				PRODUCT_NAME = "$(TARGET_NAME)";
				SWIFT_EMIT_LOC_STRINGS = YES;
				SWIFT_VERSION = 5.0;
				TARGETED_DEVICE_FAMILY = "1,2";
			};
			name = Release;
		};
		F2FBE02727D42D3800DAACF4 /* Debug */ = {
			isa = XCBuildConfiguration;
			buildSettings = {
				ALWAYS_EMBED_SWIFT_STANDARD_LIBRARIES = YES;
				BUNDLE_LOADER = "$(TEST_HOST)";
				CODE_SIGN_STYLE = Automatic;
				CURRENT_PROJECT_VERSION = 1;
				DEVELOPMENT_TEAM = F8L822RGUB;
				GENERATE_INFOPLIST_FILE = YES;
				IPHONEOS_DEPLOYMENT_TARGET = 15.2;
				MARKETING_VERSION = 1.0;
				PRODUCT_BUNDLE_IDENTIFIER = com.ffflip.ffflipMovieTests;
				PRODUCT_NAME = "$(TARGET_NAME)";
				SWIFT_EMIT_LOC_STRINGS = NO;
				SWIFT_VERSION = 5.0;
				TARGETED_DEVICE_FAMILY = "1,2";
				TEST_HOST = "$(BUILT_PRODUCTS_DIR)/ffflipMovie.app/ffflipMovie";
			};
			name = Debug;
		};
		F2FBE02827D42D3800DAACF4 /* Release */ = {
			isa = XCBuildConfiguration;
			buildSettings = {
				ALWAYS_EMBED_SWIFT_STANDARD_LIBRARIES = YES;
				BUNDLE_LOADER = "$(TEST_HOST)";
				CODE_SIGN_STYLE = Automatic;
				CURRENT_PROJECT_VERSION = 1;
				DEVELOPMENT_TEAM = F8L822RGUB;
				GENERATE_INFOPLIST_FILE = YES;
				IPHONEOS_DEPLOYMENT_TARGET = 15.2;
				MARKETING_VERSION = 1.0;
				PRODUCT_BUNDLE_IDENTIFIER = com.ffflip.ffflipMovieTests;
				PRODUCT_NAME = "$(TARGET_NAME)";
				SWIFT_EMIT_LOC_STRINGS = NO;
				SWIFT_VERSION = 5.0;
				TARGETED_DEVICE_FAMILY = "1,2";
				TEST_HOST = "$(BUILT_PRODUCTS_DIR)/ffflipMovie.app/ffflipMovie";
			};
			name = Release;
		};
		F2FBE02A27D42D3800DAACF4 /* Debug */ = {
			isa = XCBuildConfiguration;
			buildSettings = {
				ALWAYS_EMBED_SWIFT_STANDARD_LIBRARIES = YES;
				CODE_SIGN_STYLE = Automatic;
				CURRENT_PROJECT_VERSION = 1;
				DEVELOPMENT_TEAM = F8L822RGUB;
				GENERATE_INFOPLIST_FILE = YES;
				MARKETING_VERSION = 1.0;
				PRODUCT_BUNDLE_IDENTIFIER = com.ffflip.ffflipMovieUITests;
				PRODUCT_NAME = "$(TARGET_NAME)";
				SWIFT_EMIT_LOC_STRINGS = NO;
				SWIFT_VERSION = 5.0;
				TARGETED_DEVICE_FAMILY = "1,2";
				TEST_TARGET_NAME = ffflipMovie;
			};
			name = Debug;
		};
		F2FBE02B27D42D3800DAACF4 /* Release */ = {
			isa = XCBuildConfiguration;
			buildSettings = {
				ALWAYS_EMBED_SWIFT_STANDARD_LIBRARIES = YES;
				CODE_SIGN_STYLE = Automatic;
				CURRENT_PROJECT_VERSION = 1;
				DEVELOPMENT_TEAM = F8L822RGUB;
				GENERATE_INFOPLIST_FILE = YES;
				MARKETING_VERSION = 1.0;
				PRODUCT_BUNDLE_IDENTIFIER = com.ffflip.ffflipMovieUITests;
				PRODUCT_NAME = "$(TARGET_NAME)";
				SWIFT_EMIT_LOC_STRINGS = NO;
				SWIFT_VERSION = 5.0;
				TARGETED_DEVICE_FAMILY = "1,2";
				TEST_TARGET_NAME = ffflipMovie;
			};
			name = Release;
		};
/* End XCBuildConfiguration section */

/* Begin XCConfigurationList section */
		F2FBDFF427D42D3600DAACF4 /* Build configuration list for PBXProject "ffflipMovie" */ = {
			isa = XCConfigurationList;
			buildConfigurations = (
				F2FBE02127D42D3800DAACF4 /* Debug */,
				F2FBE02227D42D3800DAACF4 /* Release */,
			);
			defaultConfigurationIsVisible = 0;
			defaultConfigurationName = Release;
		};
		F2FBE02327D42D3800DAACF4 /* Build configuration list for PBXNativeTarget "ffflipMovie" */ = {
			isa = XCConfigurationList;
			buildConfigurations = (
				F2FBE02427D42D3800DAACF4 /* Debug */,
				F2FBE02527D42D3800DAACF4 /* Release */,
			);
			defaultConfigurationIsVisible = 0;
			defaultConfigurationName = Release;
		};
		F2FBE02627D42D3800DAACF4 /* Build configuration list for PBXNativeTarget "ffflipMovieTests" */ = {
			isa = XCConfigurationList;
			buildConfigurations = (
				F2FBE02727D42D3800DAACF4 /* Debug */,
				F2FBE02827D42D3800DAACF4 /* Release */,
			);
			defaultConfigurationIsVisible = 0;
			defaultConfigurationName = Release;
		};
		F2FBE02927D42D3800DAACF4 /* Build configuration list for PBXNativeTarget "ffflipMovieUITests" */ = {
			isa = XCConfigurationList;
			buildConfigurations = (
				F2FBE02A27D42D3800DAACF4 /* Debug */,
				F2FBE02B27D42D3800DAACF4 /* Release */,
			);
			defaultConfigurationIsVisible = 0;
			defaultConfigurationName = Release;
		};
/* End XCConfigurationList section */
	};
	rootObject = F2FBDFF127D42D3600DAACF4 /* Project object */;
}
